{
  "requires": true,
  "lockfileVersion": 1,
  "dependencies": {
    "grunt-load-gruntfile": {
      "version": "0.0.2",
      "resolved": "https://registry.npmjs.org/grunt-load-gruntfile/-/grunt-load-gruntfile-0.0.2.tgz",
      "integrity": "sha1-46zGP7ohARkMcLII9k+sau/UI8k=",
      "dev": true
    }
  }
}
